
Microsoft Visual Studio Solution File, Format Version 12.00
# Visual Studio Version 16
VisualStudioVersion = 25.0.1706.11
MinimumVisualStudioVersion = 10.0.40219.1
Project("{FAE04EC0-301F-11D3-BF4B-00C04F79EFBC}") = "S14-Transactions", "S14-Transactions.csproj", "{A03B81B7-7858-431A-AF3D-3A3EB135CA58}"
EndProject
Global
	GlobalSection(SolutionConfigurationPlatforms) = preSolution
		Debug|Any CPU = Debug|Any CPU
		Release|Any CPU = Release|Any CPU
	EndGlobalSection
	GlobalSection(ProjectConfigurationPlatforms) = postSolution
		{A03B81B7-7858-431A-AF3D-3A3EB135CA58}.Debug|Any CPU.ActiveCfg = Debug|Any CPU
		{A03B81B7-7858-431A-AF3D-3A3EB135CA58}.Debug|Any CPU.Build.0 = Debug|Any CPU
		{A03B81B7-7858-431A-AF3D-3A3EB135CA58}.Release|Any CPU.ActiveCfg = Release|Any CPU
		{A03B81B7-7858-431A-AF3D-3A3EB135CA58}.Release|Any CPU.Build.0 = Release|Any CPU
	EndGlobalSection
	GlobalSection(SolutionProperties) = preSolution
		HideSolutionNode = FALSE
	EndGlobalSection
	GlobalSection(ExtensibilityGlobals) = postSolution
		SolutionGuid = {2611C7D9-424A-4DB7-855A-46F38E398A3A}
	EndGlobalSection
EndGlobal
