
Microsoft Visual Studio Solution File, Format Version 12.00
# Visual Studio Version 16
VisualStudioVersion = 25.0.1706.11
MinimumVisualStudioVersion = 10.0.40219.1
Project("{FAE04EC0-301F-11D3-BF4B-00C04F79EFBC}") = "S24-ShuntingYard", "S24-ShuntingYard.csproj", "{6973A254-23C7-4560-B534-7097F82B629E}"
EndProject
Global
	GlobalSection(SolutionConfigurationPlatforms) = preSolution
		Debug|Any CPU = Debug|Any CPU
		Release|Any CPU = Release|Any CPU
	EndGlobalSection
	GlobalSection(ProjectConfigurationPlatforms) = postSolution
		{6973A254-23C7-4560-B534-7097F82B629E}.Debug|Any CPU.ActiveCfg = Debug|Any CPU
		{6973A254-23C7-4560-B534-7097F82B629E}.Debug|Any CPU.Build.0 = Debug|Any CPU
		{6973A254-23C7-4560-B534-7097F82B629E}.Release|Any CPU.ActiveCfg = Release|Any CPU
		{6973A254-23C7-4560-B534-7097F82B629E}.Release|Any CPU.Build.0 = Release|Any CPU
	EndGlobalSection
	GlobalSection(SolutionProperties) = preSolution
		HideSolutionNode = FALSE
	EndGlobalSection
	GlobalSection(ExtensibilityGlobals) = postSolution
		SolutionGuid = {7673C941-2911-4BA1-98BC-F6C53470316A}
	EndGlobalSection
EndGlobal
